<?xml version="1.0" encoding="utf-8"?>
<Project ToolsVersion="4.0" xmlns="http://schemas.microsoft.com/developer/msbuild/2003">
  <ItemGroup>
    <Filter Include="Source Files">
      <UniqueIdentifier>{4FC737F1-C7A5-4376-A066-2A32D752A2FF}</UniqueIdentifier>
      <Extensions>cpp;c;cc;cxx;def;odl;idl;hpj;bat;asm;asmx</Extensions>
    </Filter>
    <Filter Include="Header Files">
      <UniqueIdentifier>{93995380-89BD-4b04-88EB-625FBE52EBFB}</UniqueIdentifier>
      <Extensions>h;hh;hpp;hxx;hm;inl;inc;xsd</Extensions>
    </Filter>
    <Filter Include="Resource Files">
      <UniqueIdentifier>{67DA6AB6-F800-4c08-8B7A-83BB121AAD01}</UniqueIdentifier>
      <Extensions>rc;ico;cur;bmp;dlg;rc2;rct;bin;rgs;gif;jpg;jpeg;jpe;resx;tiff;tif;png;wav;mfcribbon-ms</Extensions>
    </Filter>
    <Filter Include="docs">
      <UniqueIdentifier>{0e09882a-e7da-48be-98c5-e8508bf91c71}</UniqueIdentifier>
    </Filter>
  </ItemGroup>
  <ItemGroup>
    <ClCompile Include="xmloader.cpp">
      <Filter>Source Files</Filter>
    </ClCompile>
    <ClCompile Include="asu.cpp">
      <Filter>Source Files</Filter>
    </ClCompile>
    <ClCompile Include="synsequence.cpp">
      <Filter>Source Files</Filter>
    </ClCompile>
    <ClCompile Include="synapp.cpp">
      <Filter>Source Files</Filter>
    </ClCompile>
    <ClCompile Include="filecommands.cpp">
      <Filter>Source Files</Filter>
    </ClCompile>
    <ClCompile Include="editcommands.cpp">
      <Filter>Source Files</Filter>
    </ClCompile>
    <ClCompile Include="createcommands.cpp">
      <Filter>Source Files</Filter>
    </ClCompile>
  </ItemGroup>
  <ItemGroup>
    <ClInclude Include="xmloader.h">
      <Filter>Header Files</Filter>
    </ClInclude>
    <ClInclude Include="asu.h">
      <Filter>Header Files</Filter>
    </ClInclude>
    <ClInclude Include="synsequence.h">
      <Filter>Header Files</Filter>
    </ClInclude>
    <ClInclude Include="synapp.h">
      <Filter>Header Files</Filter>
    </ClInclude>
    <ClInclude Include="resource.h">
      <Filter>Header Files</Filter>
    </ClInclude>
  </ItemGroup>
  <ItemGroup>
    <None Include="editor.md">
      <Filter>docs</Filter>
    </None>
    <None Include="design.md">
      <Filter>docs</Filter>
    </None>
  </ItemGroup>
  <ItemGroup>
    <ResourceCompile Include="syn.rc">
      <Filter>Resource Files</Filter>
    </ResourceCompile>
  </ItemGroup>
  <ItemGroup>
    <Image Include="test.ico">
      <Filter>Resource Files</Filter>
    </Image>
    <Image Include="small.ico">
      <Filter>Resource Files</Filter>
    </Image>
  </ItemGroup>
  <ItemGroup>
    <Text Include="create-song.txt">
      <Filter>docs</Filter>
    </Text>
  </ItemGroup>
</Project>