<?xml version="1.0" encoding="utf-8"?>
<Project ToolsVersion="4.0" xmlns="http://schemas.microsoft.com/developer/msbuild/2003">
  <ItemGroup>
    <ClCompile Include="ssn1k.cpp">
      <Filter>Source Files</Filter>
    </ClCompile>
    <ClCompile Include="ctrl.cpp">
      <Filter>Source Files</Filter>
    </ClCompile>
    <ClCompile Include="env.cpp">
      <Filter>Source Files</Filter>
    </ClCompile>
    <ClCompile Include="flt.cpp">
      <Filter>Source Files</Filter>
    </ClCompile>
    <ClCompile Include="mdl.cpp">
      <Filter>Source Files</Filter>
    </ClCompile>
    <ClCompile Include="mixer.cpp">
      <Filter>Source Files</Filter>
    </ClCompile>
    <ClCompile Include="osc.cpp">
      <Filter>Source Files</Filter>
    </ClCompile>
    <ClCompile Include="synth.cpp">
      <Filter>Source Files</Filter>
    </ClCompile>
    <ClCompile Include="synthadapter.cpp">
      <Filter>Source Files</Filter>
    </ClCompile>
    <ClCompile Include="voice.cpp">
      <Filter>Source Files</Filter>
    </ClCompile>
  </ItemGroup>
  <ItemGroup>
    <ClInclude Include="ssn1k.h">
      <Filter>Header Files</Filter>
    </ClInclude>
    <ClInclude Include="ssn1klib.h">
      <Filter>Header Files</Filter>
    </ClInclude>
    <ClInclude Include="ctrl.h">
      <Filter>Header Files</Filter>
    </ClInclude>
    <ClInclude Include="env.h">
      <Filter>Header Files</Filter>
    </ClInclude>
    <ClInclude Include="flt.h">
      <Filter>Header Files</Filter>
    </ClInclude>
    <ClInclude Include="mdl.h">
      <Filter>Header Files</Filter>
    </ClInclude>
    <ClInclude Include="mixer.h">
      <Filter>Header Files</Filter>
    </ClInclude>
    <ClInclude Include="osc.h">
      <Filter>Header Files</Filter>
    </ClInclude>
    <ClInclude Include="synth.h">
      <Filter>Header Files</Filter>
    </ClInclude>
    <ClInclude Include="synthadapter.h">
      <Filter>Header Files</Filter>
    </ClInclude>
    <ClInclude Include="voice.h">
      <Filter>Header Files</Filter>
    </ClInclude>
  </ItemGroup>
  <ItemGroup>
    <Filter Include="Header Files">
      <UniqueIdentifier>{aa7f24f4-a45a-4463-a619-d33d47a5c264}</UniqueIdentifier>
    </Filter>
    <Filter Include="Source Files">
      <UniqueIdentifier>{02d9fb97-bb46-4f70-a348-ec9930f7a362}</UniqueIdentifier>
    </Filter>
  </ItemGroup>
</Project>