<?xml version="1.0" encoding="utf-8"?>
<Project ToolsVersion="4.0" xmlns="http://schemas.microsoft.com/developer/msbuild/2003">
  <ItemGroup>
    <ClCompile Include="ssn1k.cpp">
      <Filter>Source Files</Filter>
    </ClCompile>
    <ClCompile Include="_env.cpp">
      <Filter>Source Files</Filter>
    </ClCompile>
    <ClCompile Include="_ctrl.cpp">
      <Filter>Source Files</Filter>
    </ClCompile>
    <ClCompile Include="_flt.cpp">
      <Filter>Source Files</Filter>
    </ClCompile>
    <ClCompile Include="_mdl.cpp">
      <Filter>Source Files</Filter>
    </ClCompile>
    <ClCompile Include="_mixer.cpp">
      <Filter>Source Files</Filter>
    </ClCompile>
    <ClCompile Include="_osc.cpp">
      <Filter>Source Files</Filter>
    </ClCompile>
    <ClCompile Include="_synth.cpp">
      <Filter>Source Files</Filter>
    </ClCompile>
    <ClCompile Include="_synthadapter.cpp">
      <Filter>Source Files</Filter>
    </ClCompile>
    <ClCompile Include="_voice.cpp">
      <Filter>Source Files</Filter>
    </ClCompile>
  </ItemGroup>
  <ItemGroup>
    <ClInclude Include="ssn1k.h">
      <Filter>Header Files</Filter>
    </ClInclude>
    <ClInclude Include="ssn1klib.h">
      <Filter>Header Files</Filter>
    </ClInclude>
    <ClInclude Include="_ctrl.h">
      <Filter>Header Files</Filter>
    </ClInclude>
    <ClInclude Include="_env.h">
      <Filter>Header Files</Filter>
    </ClInclude>
    <ClInclude Include="_flt.h">
      <Filter>Header Files</Filter>
    </ClInclude>
    <ClInclude Include="_mdl.h">
      <Filter>Header Files</Filter>
    </ClInclude>
    <ClInclude Include="_mixer.h">
      <Filter>Header Files</Filter>
    </ClInclude>
    <ClInclude Include="_osc.h">
      <Filter>Header Files</Filter>
    </ClInclude>
    <ClInclude Include="_synth.h">
      <Filter>Header Files</Filter>
    </ClInclude>
    <ClInclude Include="_synthadapter.h">
      <Filter>Header Files</Filter>
    </ClInclude>
    <ClInclude Include="_voice.h">
      <Filter>Header Files</Filter>
    </ClInclude>
  </ItemGroup>
  <ItemGroup>
    <Filter Include="Header Files">
      <UniqueIdentifier>{aa7f24f4-a45a-4463-a619-d33d47a5c264}</UniqueIdentifier>
    </Filter>
    <Filter Include="Source Files">
      <UniqueIdentifier>{02d9fb97-bb46-4f70-a348-ec9930f7a362}</UniqueIdentifier>
    </Filter>
  </ItemGroup>
</Project>