<?xml version="1.0" encoding="utf-8"?>
<Project ToolsVersion="4.0" xmlns="http://schemas.microsoft.com/developer/msbuild/2003">
  <ItemGroup>
    <ClCompile Include="ssn1k.cpp">
      <Filter>Source Files</Filter>
    </ClCompile>
    <ClCompile Include="Env.cpp">
      <Filter>Source Files</Filter>
    </ClCompile>
    <ClCompile Include="Mdl.cpp">
      <Filter>Source Files</Filter>
    </ClCompile>
    <ClCompile Include="Ctrl.cpp">
      <Filter>Source Files</Filter>
    </ClCompile>
  </ItemGroup>
  <ItemGroup>
    <ClInclude Include="ssn1k.h">
      <Filter>Header Files</Filter>
    </ClInclude>
    <ClInclude Include="ssn1klib.h">
      <Filter>Header Files</Filter>
    </ClInclude>
    <ClInclude Include="Mdl.h">
      <Filter>Header Files</Filter>
    </ClInclude>
    <ClInclude Include="Env.h">
      <Filter>Header Files</Filter>
    </ClInclude>
    <ClInclude Include="Ctrl.h">
      <Filter>Header Files</Filter>
    </ClInclude>
  </ItemGroup>
  <ItemGroup>
    <Filter Include="Header Files">
      <UniqueIdentifier>{aa7f24f4-a45a-4463-a619-d33d47a5c264}</UniqueIdentifier>
    </Filter>
    <Filter Include="Source Files">
      <UniqueIdentifier>{02d9fb97-bb46-4f70-a348-ec9930f7a362}</UniqueIdentifier>
    </Filter>
  </ItemGroup>
</Project>