<?xml version="1.0" encoding="utf-8"?>
<Project ToolsVersion="4.0" xmlns="http://schemas.microsoft.com/developer/msbuild/2003">
  <ItemGroup>
    <Filter Include="Resource Files">
      <UniqueIdentifier>{67DA6AB6-F800-4c08-8B7A-83BB121AAD01}</UniqueIdentifier>
      <Extensions>rc;ico;cur;bmp;dlg;rc2;rct;bin;rgs;gif;jpg;jpeg;jpe;resx;tiff;tif;png;wav;mfcribbon-ms</Extensions>
    </Filter>
    <Filter Include="managed">
      <UniqueIdentifier>{6d89e7cd-7dd8-4dd8-a512-b6137242facc}</UniqueIdentifier>
    </Filter>
    <Filter Include="base">
      <UniqueIdentifier>{e7f10c7d-c6cf-4a0e-992d-8fa4bfab0224}</UniqueIdentifier>
    </Filter>
    <Filter Include="base\base">
      <UniqueIdentifier>{ee5c9502-9f57-40a4-9082-886211624789}</UniqueIdentifier>
    </Filter>
    <Filter Include="base\collection">
      <UniqueIdentifier>{7ee06047-b276-4bdd-b58e-f94d233a2fed}</UniqueIdentifier>
    </Filter>
    <Filter Include="managed\base">
      <UniqueIdentifier>{7262f550-de72-4e99-bfde-7dedeb04d557}</UniqueIdentifier>
    </Filter>
    <Filter Include="managed\collection">
      <UniqueIdentifier>{1da44bb5-48ad-4d71-8473-404f14729fdb}</UniqueIdentifier>
    </Filter>
    <Filter Include="base\utils">
      <UniqueIdentifier>{ca34c738-9706-4c30-8d61-aad69b5c6b47}</UniqueIdentifier>
    </Filter>
  </ItemGroup>
  <ItemGroup>
    <ClInclude Include="base\base\str.h">
      <Filter>base\base</Filter>
    </ClInclude>
    <ClInclude Include="base\base\MemoryMgr.h">
      <Filter>base\base</Filter>
    </ClInclude>
    <ClInclude Include="base\base\base_defs.h">
      <Filter>base\base</Filter>
    </ClInclude>
    <ClInclude Include="base\base\debug.h">
      <Filter>base\base</Filter>
    </ClInclude>
    <ClInclude Include="base\collection\Array.h">
      <Filter>base\collection</Filter>
    </ClInclude>
    <ClInclude Include="managed\base\base_defs.h">
      <Filter>managed\base</Filter>
    </ClInclude>
    <ClInclude Include="managed\base\debug.h">
      <Filter>managed\base</Filter>
    </ClInclude>
    <ClInclude Include="managed\base\MemoryMgr.h">
      <Filter>managed\base</Filter>
    </ClInclude>
    <ClInclude Include="managed\base\str.h">
      <Filter>managed\base</Filter>
    </ClInclude>
    <ClInclude Include="managed\base\String.h">
      <Filter>managed\base</Filter>
    </ClInclude>
    <ClInclude Include="base\base\String.h">
      <Filter>base\base</Filter>
    </ClInclude>
    <ClInclude Include="managed\collection\Array.h">
      <Filter>managed\collection</Filter>
    </ClInclude>
    <ClInclude Include="base\utils\PathInfo.h">
      <Filter>base\utils</Filter>
    </ClInclude>
    <ClInclude Include="base\utils\utils.h">
      <Filter>base\utils</Filter>
    </ClInclude>
  </ItemGroup>
  <ItemGroup>
    <ClCompile Include="base\base\str.cpp">
      <Filter>base\base</Filter>
    </ClCompile>
    <ClCompile Include="base\base\MemoryMgr.cpp">
      <Filter>base\base</Filter>
    </ClCompile>
    <ClCompile Include="base\base\debug.cpp">
      <Filter>base\base</Filter>
    </ClCompile>
    <ClCompile Include="base\collection\Array.cpp">
      <Filter>base\collection</Filter>
    </ClCompile>
    <ClCompile Include="managed\base\debug.cpp">
      <Filter>managed\base</Filter>
    </ClCompile>
    <ClCompile Include="managed\base\MemoryMgr.cpp">
      <Filter>managed\base</Filter>
    </ClCompile>
    <ClCompile Include="managed\base\str.cpp">
      <Filter>managed\base</Filter>
    </ClCompile>
    <ClCompile Include="managed\base\String.cpp">
      <Filter>managed\base</Filter>
    </ClCompile>
    <ClCompile Include="base\base\String.cpp">
      <Filter>base\base</Filter>
    </ClCompile>
    <ClCompile Include="managed\collection\Array.cpp">
      <Filter>managed\collection</Filter>
    </ClCompile>
    <ClCompile Include="base\utils\PathInfo.cpp">
      <Filter>base\utils</Filter>
    </ClCompile>
    <ClCompile Include="base\utils\utils.cpp">
      <Filter>base\utils</Filter>
    </ClCompile>
  </ItemGroup>
</Project>