<?xml version="1.0" encoding="utf-8"?>
<Project ToolsVersion="4.0" xmlns="http://schemas.microsoft.com/developer/msbuild/2003">
  <ItemGroup>
    <Filter Include="Source Files">
      <UniqueIdentifier>{4FC737F1-C7A5-4376-A066-2A32D752A2FF}</UniqueIdentifier>
      <Extensions>cpp;c;cc;cxx;c++;cppm;ixx;def;odl;idl;hpj;bat;asm;asmx</Extensions>
    </Filter>
    <Filter Include="Header Files">
      <UniqueIdentifier>{93995380-89BD-4b04-88EB-625FBE52EBFB}</UniqueIdentifier>
      <Extensions>h;hh;hpp;hxx;h++;hm;inl;inc;ipp;xsd</Extensions>
    </Filter>
    <Filter Include="Resource Files">
      <UniqueIdentifier>{67DA6AB6-F800-4c08-8B7A-83BB121AAD01}</UniqueIdentifier>
      <Extensions>rc;ico;cur;bmp;dlg;rc2;rct;bin;rgs;gif;jpg;jpeg;jpe;resx;tiff;tif;png;wav;mfcribbon-ms</Extensions>
    </Filter>
    <Filter Include="Header Files\Util">
      <UniqueIdentifier>{bcfad68e-70f8-4d4f-84e7-2111f2abcfac}</UniqueIdentifier>
    </Filter>
    <Filter Include="Source Files\Util">
      <UniqueIdentifier>{1106f531-4df3-409c-98cc-4a57d4e64840}</UniqueIdentifier>
    </Filter>
    <Filter Include="Source Files\Model">
      <UniqueIdentifier>{83e56387-b075-45af-9ab4-771b03e33af6}</UniqueIdentifier>
    </Filter>
    <Filter Include="Header Files\Model">
      <UniqueIdentifier>{a5a85d9a-34cd-41c8-a971-3b2c339c4bbe}</UniqueIdentifier>
    </Filter>
    <Filter Include="Source Files\Ui">
      <UniqueIdentifier>{83b85cbb-22c8-4b8a-8d95-be9e3955dcf2}</UniqueIdentifier>
    </Filter>
    <Filter Include="Header Files\Ui">
      <UniqueIdentifier>{689afe86-fc16-483e-a2b9-5b2241fb4e12}</UniqueIdentifier>
    </Filter>
    <Filter Include="Source Files\Ui\DeviceControls">
      <UniqueIdentifier>{b6cbd120-31c5-4474-89b9-a5c5508399cb}</UniqueIdentifier>
    </Filter>
    <Filter Include="Header Files\Ui\DeviceControls">
      <UniqueIdentifier>{e16bec4b-3fc2-4218-bb1c-5c19d45b8352}</UniqueIdentifier>
    </Filter>
  </ItemGroup>
  <ItemGroup>
    <ClInclude Include="resource.h">
      <Filter>Header Files</Filter>
    </ClInclude>
    <ClInclude Include="synth-app.h">
      <Filter>Header Files</Filter>
    </ClInclude>
    <ClInclude Include="bass-ctrl.h">
      <Filter>Header Files\Ui\DeviceControls</Filter>
    </ClInclude>
    <ClInclude Include="distort-ctrl.h">
      <Filter>Header Files\Ui\DeviceControls</Filter>
    </ClInclude>
    <ClInclude Include="drums-ctrl.h">
      <Filter>Header Files\Ui\DeviceControls</Filter>
    </ClInclude>
    <ClInclude Include="mixer-ctrl.h">
      <Filter>Header Files\Ui\DeviceControls</Filter>
    </ClInclude>
    <ClInclude Include="stereo-delay-ctrl.h">
      <Filter>Header Files\Ui\DeviceControls</Filter>
    </ClInclude>
    <ClInclude Include="synth2-ctrl.h">
      <Filter>Header Files\Ui\DeviceControls</Filter>
    </ClInclude>
    <ClInclude Include="synth-ctrl.h">
      <Filter>Header Files\Ui\DeviceControls</Filter>
    </ClInclude>
    <ClInclude Include="sequence-ctrl.h">
      <Filter>Header Files\Ui</Filter>
    </ClInclude>
    <ClInclude Include="pot-ctrl.h">
      <Filter>Header Files\Ui</Filter>
    </ClInclude>
    <ClInclude Include="file-manager.h">
      <Filter>Header Files\Util</Filter>
    </ClInclude>
    <ClInclude Include="module-ctrl.h">
      <Filter>Header Files\Ui</Filter>
    </ClInclude>
    <ClInclude Include="creator.h">
      <Filter>Header Files\Util</Filter>
    </ClInclude>
    <ClInclude Include="ui-manager.h">
      <Filter>Header Files\Ui</Filter>
    </ClInclude>
    <ClInclude Include="song.h">
      <Filter>Header Files\Model</Filter>
    </ClInclude>
    <ClInclude Include="component.h">
      <Filter>Header Files\Model</Filter>
    </ClInclude>
    <ClInclude Include="device-ctrl.h">
      <Filter>Header Files\Ui</Filter>
    </ClInclude>
    <ClInclude Include="song-ctrl.h">
      <Filter>Header Files\Ui</Filter>
    </ClInclude>
    <ClInclude Include="track-ctrl.h">
      <Filter>Header Files\Ui</Filter>
    </ClInclude>
    <ClInclude Include="track.h">
      <Filter>Header Files\Model</Filter>
    </ClInclude>
  </ItemGroup>
  <ItemGroup>
    <ClCompile Include="synth-app.cpp">
      <Filter>Source Files</Filter>
    </ClCompile>
    <ClCompile Include="bass-ctrl.cpp">
      <Filter>Source Files\Ui\DeviceControls</Filter>
    </ClCompile>
    <ClCompile Include="distort-ctrl.cpp">
      <Filter>Source Files\Ui\DeviceControls</Filter>
    </ClCompile>
    <ClCompile Include="drums-ctrl.cpp">
      <Filter>Source Files\Ui\DeviceControls</Filter>
    </ClCompile>
    <ClCompile Include="mixer-ctrl.cpp">
      <Filter>Source Files\Ui\DeviceControls</Filter>
    </ClCompile>
    <ClCompile Include="stereo-delay-ctrl.cpp">
      <Filter>Source Files\Ui\DeviceControls</Filter>
    </ClCompile>
    <ClCompile Include="synth2-ctrl.cpp">
      <Filter>Source Files\Ui\DeviceControls</Filter>
    </ClCompile>
    <ClCompile Include="synth-ctrl.cpp">
      <Filter>Source Files\Ui\DeviceControls</Filter>
    </ClCompile>
    <ClCompile Include="pot-ctrl.cpp">
      <Filter>Source Files\Ui</Filter>
    </ClCompile>
    <ClCompile Include="sequence-ctrl.cpp">
      <Filter>Source Files\Ui</Filter>
    </ClCompile>
    <ClCompile Include="file-manager.cpp">
      <Filter>Source Files\Util</Filter>
    </ClCompile>
    <ClCompile Include="creator.cpp">
      <Filter>Source Files\Util</Filter>
    </ClCompile>
    <ClCompile Include="ui-manager.cpp">
      <Filter>Source Files\Ui</Filter>
    </ClCompile>
    <ClCompile Include="song.cpp">
      <Filter>Source Files\Model</Filter>
    </ClCompile>
    <ClCompile Include="device-ctrl.cpp">
      <Filter>Source Files\Ui</Filter>
    </ClCompile>
    <ClCompile Include="song-ctrl.cpp">
      <Filter>Source Files\Ui</Filter>
    </ClCompile>
    <ClCompile Include="module-ctrl.cpp">
      <Filter>Source Files\Ui\DeviceControls</Filter>
    </ClCompile>
    <ClCompile Include="track-ctrl.cpp">
      <Filter>Source Files\Ui</Filter>
    </ClCompile>
  </ItemGroup>
  <ItemGroup>
    <Image Include="mdl-default-bg.bmp">
      <Filter>Resource Files</Filter>
    </Image>
    <Image Include="bass-ctrl.bmp">
      <Filter>Resource Files</Filter>
    </Image>
    <Image Include="synth-ctrl.bmp">
      <Filter>Resource Files</Filter>
    </Image>
    <Image Include="distort-ctrl.bmp">
      <Filter>Resource Files</Filter>
    </Image>
    <Image Include="drum-ctrl.bmp">
      <Filter>Resource Files</Filter>
    </Image>
    <Image Include="stereo-delay-ctrl.bmp">
      <Filter>Resource Files</Filter>
    </Image>
    <Image Include="synth2-ctrl.bmp">
      <Filter>Resource Files</Filter>
    </Image>
  </ItemGroup>
  <ItemGroup>
    <None Include="soundbanks_.bin">
      <Filter>Resource Files</Filter>
    </None>
    <None Include="..\test\1m.xm">
      <Filter>Resource Files</Filter>
    </None>
    <None Include="..\test\test2.xm">
      <Filter>Resource Files</Filter>
    </None>
  </ItemGroup>
</Project>